
Microsoft Visual Studio Solution File, Format Version 12.00
# Visual Studio Version 16
VisualStudioVersion = 16.0.31112.23
MinimumVisualStudioVersion = 10.0.40219.1
Project("{FAE04EC0-301F-11D3-BF4B-00C04F79EFBC}") = "Desafio", "Desafio\Desafio.csproj", "{FE1FF55D-B223-4446-BC7F-E914B1998460}"
EndProject
Global
	GlobalSection(SolutionConfigurationPlatforms) = preSolution
		Debug|Any CPU = Debug|Any CPU
		Release|Any CPU = Release|Any CPU
	EndGlobalSection
	GlobalSection(ProjectConfigurationPlatforms) = postSolution
		{FE1FF55D-B223-4446-BC7F-E914B1998460}.Debug|Any CPU.ActiveCfg = Debug|Any CPU
		{FE1FF55D-B223-4446-BC7F-E914B1998460}.Debug|Any CPU.Build.0 = Debug|Any CPU
		{FE1FF55D-B223-4446-BC7F-E914B1998460}.Release|Any CPU.ActiveCfg = Release|Any CPU
		{FE1FF55D-B223-4446-BC7F-E914B1998460}.Release|Any CPU.Build.0 = Release|Any CPU
	EndGlobalSection
	GlobalSection(SolutionProperties) = preSolution
		HideSolutionNode = FALSE
	EndGlobalSection
	GlobalSection(ExtensibilityGlobals) = postSolution
		SolutionGuid = {7CD8C4B6-C8F1-4ACF-BD79-5A651FBF0B8C}
	EndGlobalSection
EndGlobal
